{
  "name": "empty-project-template",
  "requires": true,
  "lockfileVersion": 1,
  "dependencies": {
    "@prince8verma/react-native-snackbar": {
      "version": "1.2.2",
      "resolved": "https://registry.npmjs.org/@prince8verma/react-native-snackbar/-/react-native-snackbar-1.2.2.tgz",
      "integrity": "sha1-0/Ani4mxKcdKvimJRJtyZ0aK7wU=",
      "requires": {
        "react-native-simple-events": "1.0.1"
      }
    },
    "react-native-simple-events": {
      "version": "1.0.1",
      "resolved": "https://registry.npmjs.org/react-native-simple-events/-/react-native-simple-events-1.0.1.tgz",
      "integrity": "sha1-fmNszRt+AwKct43J1Z0ACfc6O9Y="
    }
  }
}
